// !$*UTF8*$!
{
	archiveVersion = 1;
	classes = {
	};
	objectVersion = 46;
	objects = {

/* Begin PBXBuildFile section */
		0D352E952080B41200F38C10 /* main.m in Sources */ = {isa = PBXBuildFile; fileRef = 0D352E942080B41200F38C10 /* main.m */; };
		0D352E982080B41200F38C10 /* AppDelegate.m in Sources */ = {isa = PBXBuildFile; fileRef = 0D352E972080B41200F38C10 /* AppDelegate.m */; };
		0D352E9B2080B41200F38C10 /* ViewController.m in Sources */ = {isa = PBXBuildFile; fileRef = 0D352E9A2080B41200F38C10 /* ViewController.m */; };
		0D352E9E2080B41200F38C10 /* Main.storyboard in Resources */ = {isa = PBXBuildFile; fileRef = 0D352E9C2080B41200F38C10 /* Main.storyboard */; };
		0D352EA02080B41200F38C10 /* Assets.xcassets in Resources */ = {isa = PBXBuildFile; fileRef = 0D352E9F2080B41200F38C10 /* Assets.xcassets */; };
		0D352EA32080B41200F38C10 /* LaunchScreen.storyboard in Resources */ = {isa = PBXBuildFile; fileRef = 0D352EA12080B41200F38C10 /* LaunchScreen.storyboard */; };
		0D352EAC2080B49A00F38C10 /* RootViewController.m in Sources */ = {isa = PBXBuildFile; fileRef = 0D352EAB2080B49A00F38C10 /* RootViewController.m */; };
		0D352EAF2080B61000F38C10 /* SecondViewController.m in Sources */ = {isa = PBXBuildFile; fileRef = 0D352EAE2080B61000F38C10 /* SecondViewController.m */; };
		0D352ED52080B97F00F38C10 /* ThirdViewController.m in Sources */ = {isa = PBXBuildFile; fileRef = 0D352ED42080B97F00F38C10 /* ThirdViewController.m */; };
/* End PBXBuildFile section */

/* Begin PBXFileReference section */
		0D352E902080B41200F38C10 /* 163.app */ = {isa = PBXFileReference; explicitFileType = wrapper.application; includeInIndex = 0; path = 163.app; sourceTree = BUILT_PRODUCTS_DIR; };
		0D352E942080B41200F38C10 /* main.m */ = {isa = PBXFileReference; lastKnownFileType = sourcecode.c.objc; path = main.m; sourceTree = "<group>"; };
		0D352E962080B41200F38C10 /* AppDelegate.h */ = {isa = PBXFileReference; lastKnownFileType = sourcecode.c.h; path = AppDelegate.h; sourceTree = "<group>"; };
		0D352E972080B41200F38C10 /* AppDelegate.m */ = {isa = PBXFileReference; lastKnownFileType = sourcecode.c.objc; path = AppDelegate.m; sourceTree = "<group>"; };
		0D352E992080B41200F38C10 /* ViewController.h */ = {isa = PBXFileReference; lastKnownFileType = sourcecode.c.h; path = ViewController.h; sourceTree = "<group>"; };
		0D352E9A2080B41200F38C10 /* ViewController.m */ = {isa = PBXFileReference; lastKnownFileType = sourcecode.c.objc; path = ViewController.m; sourceTree = "<group>"; };
		0D352E9D2080B41200F38C10 /* Base */ = {isa = PBXFileReference; lastKnownFileType = file.storyboard; name = Base; path = Base.lproj/Main.storyboard; sourceTree = "<group>"; };
		0D352E9F2080B41200F38C10 /* Assets.xcassets */ = {isa = PBXFileReference; lastKnownFileType = folder.assetcatalog; path = Assets.xcassets; sourceTree = "<group>"; };
		0D352EA22080B41200F38C10 /* Base */ = {isa = PBXFileReference; lastKnownFileType = file.storyboard; name = Base; path = Base.lproj/LaunchScreen.storyboard; sourceTree = "<group>"; };
		0D352EA42080B41200F38C10 /* Info.plist */ = {isa = PBXFileReference; lastKnownFileType = text.plist.xml; path = Info.plist; sourceTree = "<group>"; };
		0D352EAA2080B49A00F38C10 /* RootViewController.h */ = {isa = PBXFileReference; fileEncoding = 4; lastKnownFileType = sourcecode.c.h; path = RootViewController.h; sourceTree = "<group>"; };
		0D352EAB2080B49A00F38C10 /* RootViewController.m */ = {isa = PBXFileReference; fileEncoding = 4; lastKnownFileType = sourcecode.c.objc; path = RootViewController.m; sourceTree = "<group>"; };
		0D352EAD2080B61000F38C10 /* SecondViewController.h */ = {isa = PBXFileReference; fileEncoding = 4; lastKnownFileType = sourcecode.c.h; path = SecondViewController.h; sourceTree = "<group>"; };
		0D352EAE2080B61000F38C10 /* SecondViewController.m */ = {isa = PBXFileReference; fileEncoding = 4; lastKnownFileType = sourcecode.c.objc; path = SecondViewController.m; sourceTree = "<group>"; };
		0D352ED32080B97F00F38C10 /* ThirdViewController.h */ = {isa = PBXFileReference; fileEncoding = 4; lastKnownFileType = sourcecode.c.h; path = ThirdViewController.h; sourceTree = "<group>"; };
		0D352ED42080B97F00F38C10 /* ThirdViewController.m */ = {isa = PBXFileReference; fileEncoding = 4; lastKnownFileType = sourcecode.c.objc; path = ThirdViewController.m; sourceTree = "<group>"; };
/* End PBXFileReference section */

/* Begin PBXFrameworksBuildPhase section */
		0D352E8D2080B41200F38C10 /* Frameworks */ = {
			isa = PBXFrameworksBuildPhase;
			buildActionMask = 2147483647;
			files = (
			);
			runOnlyForDeploymentPostprocessing = 0;
		};
/* End PBXFrameworksBuildPhase section */

/* Begin PBXGroup section */
		0D352E872080B41100F38C10 = {
			isa = PBXGroup;
			children = (
				0D352E922080B41200F38C10 /* 163 */,
				0D352E912080B41200F38C10 /* Products */,
			);
			sourceTree = "<group>";
		};
		0D352E912080B41200F38C10 /* Products */ = {
			isa = PBXGroup;
			children = (
				0D352E902080B41200F38C10 /* 163.app */,
			);
			name = Products;
			sourceTree = "<group>";
		};
		0D352E922080B41200F38C10 /* 163 */ = {
			isa = PBXGroup;
			children = (
				0D352E962080B41200F38C10 /* AppDelegate.h */,
				0D352E972080B41200F38C10 /* AppDelegate.m */,
				0D352E992080B41200F38C10 /* ViewController.h */,
				0D352E9A2080B41200F38C10 /* ViewController.m */,
				0D352E9C2080B41200F38C10 /* Main.storyboard */,
				0D352E9F2080B41200F38C10 /* Assets.xcassets */,
				0D352EA12080B41200F38C10 /* LaunchScreen.storyboard */,
				0D352EA42080B41200F38C10 /* Info.plist */,
				0D352E932080B41200F38C10 /* Supporting Files */,
				0D352EAA2080B49A00F38C10 /* RootViewController.h */,
				0D352EAB2080B49A00F38C10 /* RootViewController.m */,
				0D352EAD2080B61000F38C10 /* SecondViewController.h */,
				0D352EAE2080B61000F38C10 /* SecondViewController.m */,
				0D352ED32080B97F00F38C10 /* ThirdViewController.h */,
				0D352ED42080B97F00F38C10 /* ThirdViewController.m */,
			);
			path = 163;
			sourceTree = "<group>";
		};
		0D352E932080B41200F38C10 /* Supporting Files */ = {
			isa = PBXGroup;
			children = (
				0D352E942080B41200F38C10 /* main.m */,
			);
			name = "Supporting Files";
			sourceTree = "<group>";
		};
/* End PBXGroup section */

/* Begin PBXNativeTarget section */
		0D352E8F2080B41200F38C10 /* 163 */ = {
			isa = PBXNativeTarget;
			buildConfigurationList = 0D352EA72080B41200F38C10 /* Build configuration list for PBXNativeTarget "163" */;
			buildPhases = (
				0D352E8C2080B41200F38C10 /* Sources */,
				0D352E8D2080B41200F38C10 /* Frameworks */,
				0D352E8E2080B41200F38C10 /* Resources */,
			);
			buildRules = (
			);
			dependencies = (
			);
			name = 163;
			productName = 163;
			productReference = 0D352E902080B41200F38C10 /* 163.app */;
			productType = "com.apple.product-type.application";
		};
/* End PBXNativeTarget section */

/* Begin PBXProject section */
		0D352E882080B41100F38C10 /* Project object */ = {
			isa = PBXProject;
			attributes = {
				LastUpgradeCheck = 0820;
				ORGANIZATIONNAME = pingfangx;
				TargetAttributes = {
					0D352E8F2080B41200F38C10 = {
						CreatedOnToolsVersion = 8.2.1;
						DevelopmentTeam = 7A236WWRA2;
						ProvisioningStyle = Automatic;
					};
				};
			};
			buildConfigurationList = 0D352E8B2080B41100F38C10 /* Build configuration list for PBXProject "163" */;
			compatibilityVersion = "Xcode 3.2";
			developmentRegion = English;
			hasScannedForEncodings = 0;
			knownRegions = (
				en,
				Base,
			);
			mainGroup = 0D352E872080B41100F38C10;
			productRefGroup = 0D352E912080B41200F38C10 /* Products */;
			projectDirPath = "";
			projectRoot = "";
			targets = (
				0D352E8F2080B41200F38C10 /* 163 */,
			);
		};
/* End PBXProject section */

/* Begin PBXResourcesBuildPhase section */
		0D352E8E2080B41200F38C10 /* Resources */ = {
			isa = PBXResourcesBuildPhase;
			buildActionMask = 2147483647;
			files = (
				0D352EA32080B41200F38C10 /* LaunchScreen.storyboard in Resources */,
				0D352EA02080B41200F38C10 /* Assets.xcassets in Resources */,
				0D352E9E2080B41200F38C10 /* Main.storyboard in Resources */,
			);
			runOnlyForDeploymentPostprocessing = 0;
		};
/* End PBXResourcesBuildPhase section */

/* Begin PBXSourcesBuildPhase section */
		0D352E8C2080B41200F38C10 /* Sources */ = {
			isa = PBXSourcesBuildPhase;
			buildActionMask = 2147483647;
			files = (
				0D352EAF2080B61000F38C10 /* SecondViewController.m in Sources */,
				0D352E9B2080B41200F38C10 /* ViewController.m in Sources */,
				0D352ED52080B97F00F38C10 /* ThirdViewController.m in Sources */,
				0D352E982080B41200F38C10 /* AppDelegate.m in Sources */,
				0D352EAC2080B49A00F38C10 /* RootViewController.m in Sources */,
				0D352E952080B41200F38C10 /* main.m in Sources */,
			);
			runOnlyForDeploymentPostprocessing = 0;
		};
/* End PBXSourcesBuildPhase section */

/* Begin PBXVariantGroup section */
		0D352E9C2080B41200F38C10 /* Main.storyboard */ = {
			isa = PBXVariantGroup;
			children = (
				0D352E9D2080B41200F38C10 /* Base */,
			);
			name = Main.storyboard;
			sourceTree = "<group>";
		};
		0D352EA12080B41200F38C10 /* LaunchScreen.storyboard */ = {
			isa = PBXVariantGroup;
			children = (
				0D352EA22080B41200F38C10 /* Base */,
			);
			name = LaunchScreen.storyboard;
			sourceTree = "<group>";
		};
/* End PBXVariantGroup section */

/* Begin XCBuildConfiguration section */
		0D352EA52080B41200F38C10 /* Debug */ = {
			isa = XCBuildConfiguration;
			buildSettings = {
				ALWAYS_SEARCH_USER_PATHS = NO;
				CLANG_ANALYZER_NONNULL = YES;
				CLANG_CXX_LANGUAGE_STANDARD = "gnu++0x";
				CLANG_CXX_LIBRARY = "libc++";
				CLANG_ENABLE_MODULES = YES;
				CLANG_ENABLE_OBJC_ARC = YES;
				CLANG_WARN_BOOL_CONVERSION = YES;
				CLANG_WARN_CONSTANT_CONVERSION = YES;
				CLANG_WARN_DIRECT_OBJC_ISA_USAGE = YES_ERROR;
				CLANG_WARN_DOCUMENTATION_COMMENTS = YES;
				CLANG_WARN_EMPTY_BODY = YES;
				CLANG_WARN_ENUM_CONVERSION = YES;
				CLANG_WARN_INFINITE_RECURSION = YES;
				CLANG_WARN_INT_CONVERSION = YES;
				CLANG_WARN_OBJC_ROOT_CLASS = YES_ERROR;
				CLANG_WARN_SUSPICIOUS_MOVE = YES;
				CLANG_WARN_UNREACHABLE_CODE = YES;
				CLANG_WARN__DUPLICATE_METHOD_MATCH = YES;
				"CODE_SIGN_IDENTITY[sdk=iphoneos*]" = "iPhone Developer";
				COPY_PHASE_STRIP = NO;
				DEBUG_INFORMATION_FORMAT = dwarf;
				ENABLE_STRICT_OBJC_MSGSEND = YES;
				ENABLE_TESTABILITY = YES;
				GCC_C_LANGUAGE_STANDARD = gnu99;
				GCC_DYNAMIC_NO_PIC = NO;
				GCC_NO_COMMON_BLOCKS = YES;
				GCC_OPTIMIZATION_LEVEL = 0;
				GCC_PREPROCESSOR_DEFINITIONS = (
					"DEBUG=1",
					"$(inherited)",
				);
				GCC_WARN_64_TO_32_BIT_CONVERSION = YES;
				GCC_WARN_ABOUT_RETURN_TYPE = YES_ERROR;
				GCC_WARN_UNDECLARED_SELECTOR = YES;
				GCC_WARN_UNINITIALIZED_AUTOS = YES_AGGRESSIVE;
				GCC_WARN_UNUSED_FUNCTION = YES;
				GCC_WARN_UNUSED_VARIABLE = YES;
				IPHONEOS_DEPLOYMENT_TARGET = 10.2;
				MTL_ENABLE_DEBUG_INFO = YES;
				ONLY_ACTIVE_ARCH = YES;
				SDKROOT = iphoneos;
				TARGETED_DEVICE_FAMILY = "1,2";
			};
			name = Debug;
		};
		0D352EA62080B41200F38C10 /* Release */ = {
			isa = XCBuildConfiguration;
			buildSettings = {
				ALWAYS_SEARCH_USER_PATHS = NO;
				CLANG_ANALYZER_NONNULL = YES;
				CLANG_CXX_LANGUAGE_STANDARD = "gnu++0x";
				CLANG_CXX_LIBRARY = "libc++";
				CLANG_ENABLE_MODULES = YES;
				CLANG_ENABLE_OBJC_ARC = YES;
				CLANG_WARN_BOOL_CONVERSION = YES;
				CLANG_WARN_CONSTANT_CONVERSION = YES;
				CLANG_WARN_DIRECT_OBJC_ISA_USAGE = YES_ERROR;
				CLANG_WARN_DOCUMENTATION_COMMENTS = YES;
				CLANG_WARN_EMPTY_BODY = YES;
				CLANG_WARN_ENUM_CONVERSION = YES;
				CLANG_WARN_INFINITE_RECURSION = YES;
				CLANG_WARN_INT_CONVERSION = YES;
				CLANG_WARN_OBJC_ROOT_CLASS = YES_ERROR;
				CLANG_WARN_SUSPICIOUS_MOVE = YES;
				CLANG_WARN_UNREACHABLE_CODE = YES;
				CLANG_WARN__DUPLICATE_METHOD_MATCH = YES;
				"CODE_SIGN_IDENTITY[sdk=iphoneos*]" = "iPhone Developer";
				COPY_PHASE_STRIP = NO;
				DEBUG_INFORMATION_FORMAT = "dwarf-with-dsym";
				ENABLE_NS_ASSERTIONS = NO;
				ENABLE_STRICT_OBJC_MSGSEND = YES;
				GCC_C_LANGUAGE_STANDARD = gnu99;
				GCC_NO_COMMON_BLOCKS = YES;
				GCC_WARN_64_TO_32_BIT_CONVERSION = YES;
				GCC_WARN_ABOUT_RETURN_TYPE = YES_ERROR;
				GCC_WARN_UNDECLARED_SELECTOR = YES;
				GCC_WARN_UNINITIALIZED_AUTOS = YES_AGGRESSIVE;
				GCC_WARN_UNUSED_FUNCTION = YES;
				GCC_WARN_UNUSED_VARIABLE = YES;
				IPHONEOS_DEPLOYMENT_TARGET = 10.2;
				MTL_ENABLE_DEBUG_INFO = NO;
				SDKROOT = iphoneos;
				TARGETED_DEVICE_FAMILY = "1,2";
				VALIDATE_PRODUCT = YES;
			};
			name = Release;
		};
		0D352EA82080B41200F38C10 /* Debug */ = {
			isa = XCBuildConfiguration;
			buildSettings = {
				ASSETCATALOG_COMPILER_APPICON_NAME = AppIcon;
				DEVELOPMENT_TEAM = 7A236WWRA2;
				INFOPLIST_FILE = 163/Info.plist;
				LD_RUNPATH_SEARCH_PATHS = "$(inherited) @executable_path/Frameworks";
				PRODUCT_BUNDLE_IDENTIFIER = "com.pingfangx.-63";
				PRODUCT_NAME = "$(TARGET_NAME)";
			};
			name = Debug;
		};
		0D352EA92080B41200F38C10 /* Release */ = {
			isa = XCBuildConfiguration;
			buildSettings = {
				ASSETCATALOG_COMPILER_APPICON_NAME = AppIcon;
				DEVELOPMENT_TEAM = 7A236WWRA2;
				INFOPLIST_FILE = 163/Info.plist;
				LD_RUNPATH_SEARCH_PATHS = "$(inherited) @executable_path/Frameworks";
				PRODUCT_BUNDLE_IDENTIFIER = "com.pingfangx.-63";
				PRODUCT_NAME = "$(TARGET_NAME)";
			};
			name = Release;
		};
/* End XCBuildConfiguration section */

/* Begin XCConfigurationList section */
		0D352E8B2080B41100F38C10 /* Build configuration list for PBXProject "163" */ = {
			isa = XCConfigurationList;
			buildConfigurations = (
				0D352EA52080B41200F38C10 /* Debug */,
				0D352EA62080B41200F38C10 /* Release */,
			);
			defaultConfigurationIsVisible = 0;
			defaultConfigurationName = Release;
		};
		0D352EA72080B41200F38C10 /* Build configuration list for PBXNativeTarget "163" */ = {
			isa = XCConfigurationList;
			buildConfigurations = (
				0D352EA82080B41200F38C10 /* Debug */,
				0D352EA92080B41200F38C10 /* Release */,
			);
			defaultConfigurationIsVisible = 0;
		};
/* End XCConfigurationList section */
	};
	rootObject = 0D352E882080B41100F38C10 /* Project object */;
}
