// !$*UTF8*$!
{
	archiveVersion = 1;
	classes = {
	};
	objectVersion = 46;
	objects = {

/* Begin PBXBuildFile section */
		0DEFDE431F5D726200B7203A /* main.m in Sources */ = {isa = PBXBuildFile; fileRef = 0DEFDE421F5D726200B7203A /* main.m */; };
		0DEFDE4B1F5D728000B7203A /* Dog.m in Sources */ = {isa = PBXBuildFile; fileRef = 0DEFDE4A1F5D728000B7203A /* Dog.m */; };
		0DEFDE4E1F5D73F400B7203A /* Person.m in Sources */ = {isa = PBXBuildFile; fileRef = 0DEFDE4D1F5D73F400B7203A /* Person.m */; };
/* End PBXBuildFile section */

/* Begin PBXCopyFilesBuildPhase section */
		0DEFDE3D1F5D726200B7203A /* CopyFiles */ = {
			isa = PBXCopyFilesBuildPhase;
			buildActionMask = 2147483647;
			dstPath = /usr/share/man/man1/;
			dstSubfolderSpec = 0;
			files = (
			);
			runOnlyForDeploymentPostprocessing = 1;
		};
/* End PBXCopyFilesBuildPhase section */

/* Begin PBXFileReference section */
		0DEFDE3F1F5D726200B7203A /* 046-Dog */ = {isa = PBXFileReference; explicitFileType = "compiled.mach-o.executable"; includeInIndex = 0; path = "046-Dog"; sourceTree = BUILT_PRODUCTS_DIR; };
		0DEFDE421F5D726200B7203A /* main.m */ = {isa = PBXFileReference; lastKnownFileType = sourcecode.c.objc; path = main.m; sourceTree = "<group>"; };
		0DEFDE491F5D728000B7203A /* Dog.h */ = {isa = PBXFileReference; fileEncoding = 4; lastKnownFileType = sourcecode.c.h; path = Dog.h; sourceTree = "<group>"; };
		0DEFDE4A1F5D728000B7203A /* Dog.m */ = {isa = PBXFileReference; fileEncoding = 4; lastKnownFileType = sourcecode.c.objc; path = Dog.m; sourceTree = "<group>"; };
		0DEFDE4C1F5D73F400B7203A /* Person.h */ = {isa = PBXFileReference; fileEncoding = 4; lastKnownFileType = sourcecode.c.h; path = Person.h; sourceTree = "<group>"; };
		0DEFDE4D1F5D73F400B7203A /* Person.m */ = {isa = PBXFileReference; fileEncoding = 4; lastKnownFileType = sourcecode.c.objc; path = Person.m; sourceTree = "<group>"; };
/* End PBXFileReference section */

/* Begin PBXFrameworksBuildPhase section */
		0DEFDE3C1F5D726200B7203A /* Frameworks */ = {
			isa = PBXFrameworksBuildPhase;
			buildActionMask = 2147483647;
			files = (
			);
			runOnlyForDeploymentPostprocessing = 0;
		};
/* End PBXFrameworksBuildPhase section */

/* Begin PBXGroup section */
		0DEFDE361F5D726200B7203A = {
			isa = PBXGroup;
			children = (
				0DEFDE411F5D726200B7203A /* 046-Dog */,
				0DEFDE401F5D726200B7203A /* Products */,
			);
			sourceTree = "<group>";
		};
		0DEFDE401F5D726200B7203A /* Products */ = {
			isa = PBXGroup;
			children = (
				0DEFDE3F1F5D726200B7203A /* 046-Dog */,
			);
			name = Products;
			sourceTree = "<group>";
		};
		0DEFDE411F5D726200B7203A /* 046-Dog */ = {
			isa = PBXGroup;
			children = (
				0DEFDE421F5D726200B7203A /* main.m */,
				0DEFDE491F5D728000B7203A /* Dog.h */,
				0DEFDE4A1F5D728000B7203A /* Dog.m */,
				0DEFDE4C1F5D73F400B7203A /* Person.h */,
				0DEFDE4D1F5D73F400B7203A /* Person.m */,
			);
			path = "046-Dog";
			sourceTree = "<group>";
		};
/* End PBXGroup section */

/* Begin PBXNativeTarget section */
		0DEFDE3E1F5D726200B7203A /* 046-Dog */ = {
			isa = PBXNativeTarget;
			buildConfigurationList = 0DEFDE461F5D726200B7203A /* Build configuration list for PBXNativeTarget "046-Dog" */;
			buildPhases = (
				0DEFDE3B1F5D726200B7203A /* Sources */,
				0DEFDE3C1F5D726200B7203A /* Frameworks */,
				0DEFDE3D1F5D726200B7203A /* CopyFiles */,
			);
			buildRules = (
			);
			dependencies = (
			);
			name = "046-Dog";
			productName = "046-Dog";
			productReference = 0DEFDE3F1F5D726200B7203A /* 046-Dog */;
			productType = "com.apple.product-type.tool";
		};
/* End PBXNativeTarget section */

/* Begin PBXProject section */
		0DEFDE371F5D726200B7203A /* Project object */ = {
			isa = PBXProject;
			attributes = {
				LastUpgradeCheck = 0820;
				ORGANIZATIONNAME = pingfangx;
				TargetAttributes = {
					0DEFDE3E1F5D726200B7203A = {
						CreatedOnToolsVersion = 8.2.1;
						DevelopmentTeam = 7A236WWRA2;
						ProvisioningStyle = Automatic;
					};
				};
			};
			buildConfigurationList = 0DEFDE3A1F5D726200B7203A /* Build configuration list for PBXProject "046-Dog" */;
			compatibilityVersion = "Xcode 3.2";
			developmentRegion = English;
			hasScannedForEncodings = 0;
			knownRegions = (
				en,
			);
			mainGroup = 0DEFDE361F5D726200B7203A;
			productRefGroup = 0DEFDE401F5D726200B7203A /* Products */;
			projectDirPath = "";
			projectRoot = "";
			targets = (
				0DEFDE3E1F5D726200B7203A /* 046-Dog */,
			);
		};
/* End PBXProject section */

/* Begin PBXSourcesBuildPhase section */
		0DEFDE3B1F5D726200B7203A /* Sources */ = {
			isa = PBXSourcesBuildPhase;
			buildActionMask = 2147483647;
			files = (
				0DEFDE4E1F5D73F400B7203A /* Person.m in Sources */,
				0DEFDE4B1F5D728000B7203A /* Dog.m in Sources */,
				0DEFDE431F5D726200B7203A /* main.m in Sources */,
			);
			runOnlyForDeploymentPostprocessing = 0;
		};
/* End PBXSourcesBuildPhase section */

/* Begin XCBuildConfiguration section */
		0DEFDE441F5D726200B7203A /* Debug */ = {
			isa = XCBuildConfiguration;
			buildSettings = {
				ALWAYS_SEARCH_USER_PATHS = NO;
				CLANG_ANALYZER_NONNULL = YES;
				CLANG_CXX_LANGUAGE_STANDARD = "gnu++0x";
				CLANG_CXX_LIBRARY = "libc++";
				CLANG_ENABLE_MODULES = YES;
				CLANG_ENABLE_OBJC_ARC = YES;
				CLANG_WARN_BOOL_CONVERSION = YES;
				CLANG_WARN_CONSTANT_CONVERSION = YES;
				CLANG_WARN_DIRECT_OBJC_ISA_USAGE = YES_ERROR;
				CLANG_WARN_DOCUMENTATION_COMMENTS = YES;
				CLANG_WARN_EMPTY_BODY = YES;
				CLANG_WARN_ENUM_CONVERSION = YES;
				CLANG_WARN_INFINITE_RECURSION = YES;
				CLANG_WARN_INT_CONVERSION = YES;
				CLANG_WARN_OBJC_ROOT_CLASS = YES_ERROR;
				CLANG_WARN_SUSPICIOUS_MOVE = YES;
				CLANG_WARN_UNREACHABLE_CODE = YES;
				CLANG_WARN__DUPLICATE_METHOD_MATCH = YES;
				CODE_SIGN_IDENTITY = "-";
				COPY_PHASE_STRIP = NO;
				DEBUG_INFORMATION_FORMAT = dwarf;
				ENABLE_STRICT_OBJC_MSGSEND = YES;
				ENABLE_TESTABILITY = YES;
				GCC_C_LANGUAGE_STANDARD = gnu99;
				GCC_DYNAMIC_NO_PIC = NO;
				GCC_NO_COMMON_BLOCKS = YES;
				GCC_OPTIMIZATION_LEVEL = 0;
				GCC_PREPROCESSOR_DEFINITIONS = (
					"DEBUG=1",
					"$(inherited)",
				);
				GCC_WARN_64_TO_32_BIT_CONVERSION = YES;
				GCC_WARN_ABOUT_RETURN_TYPE = YES_ERROR;
				GCC_WARN_UNDECLARED_SELECTOR = YES;
				GCC_WARN_UNINITIALIZED_AUTOS = YES_AGGRESSIVE;
				GCC_WARN_UNUSED_FUNCTION = YES;
				GCC_WARN_UNUSED_VARIABLE = YES;
				MACOSX_DEPLOYMENT_TARGET = 10.12;
				MTL_ENABLE_DEBUG_INFO = YES;
				ONLY_ACTIVE_ARCH = YES;
				SDKROOT = macosx;
			};
			name = Debug;
		};
		0DEFDE451F5D726200B7203A /* Release */ = {
			isa = XCBuildConfiguration;
			buildSettings = {
				ALWAYS_SEARCH_USER_PATHS = NO;
				CLANG_ANALYZER_NONNULL = YES;
				CLANG_CXX_LANGUAGE_STANDARD = "gnu++0x";
				CLANG_CXX_LIBRARY = "libc++";
				CLANG_ENABLE_MODULES = YES;
				CLANG_ENABLE_OBJC_ARC = YES;
				CLANG_WARN_BOOL_CONVERSION = YES;
				CLANG_WARN_CONSTANT_CONVERSION = YES;
				CLANG_WARN_DIRECT_OBJC_ISA_USAGE = YES_ERROR;
				CLANG_WARN_DOCUMENTATION_COMMENTS = YES;
				CLANG_WARN_EMPTY_BODY = YES;
				CLANG_WARN_ENUM_CONVERSION = YES;
				CLANG_WARN_INFINITE_RECURSION = YES;
				CLANG_WARN_INT_CONVERSION = YES;
				CLANG_WARN_OBJC_ROOT_CLASS = YES_ERROR;
				CLANG_WARN_SUSPICIOUS_MOVE = YES;
				CLANG_WARN_UNREACHABLE_CODE = YES;
				CLANG_WARN__DUPLICATE_METHOD_MATCH = YES;
				CODE_SIGN_IDENTITY = "-";
				COPY_PHASE_STRIP = NO;
				DEBUG_INFORMATION_FORMAT = "dwarf-with-dsym";
				ENABLE_NS_ASSERTIONS = NO;
				ENABLE_STRICT_OBJC_MSGSEND = YES;
				GCC_C_LANGUAGE_STANDARD = gnu99;
				GCC_NO_COMMON_BLOCKS = YES;
				GCC_WARN_64_TO_32_BIT_CONVERSION = YES;
				GCC_WARN_ABOUT_RETURN_TYPE = YES_ERROR;
				GCC_WARN_UNDECLARED_SELECTOR = YES;
				GCC_WARN_UNINITIALIZED_AUTOS = YES_AGGRESSIVE;
				GCC_WARN_UNUSED_FUNCTION = YES;
				GCC_WARN_UNUSED_VARIABLE = YES;
				MACOSX_DEPLOYMENT_TARGET = 10.12;
				MTL_ENABLE_DEBUG_INFO = NO;
				SDKROOT = macosx;
			};
			name = Release;
		};
		0DEFDE471F5D726200B7203A /* Debug */ = {
			isa = XCBuildConfiguration;
			buildSettings = {
				DEVELOPMENT_TEAM = 7A236WWRA2;
				PRODUCT_NAME = "$(TARGET_NAME)";
			};
			name = Debug;
		};
		0DEFDE481F5D726200B7203A /* Release */ = {
			isa = XCBuildConfiguration;
			buildSettings = {
				DEVELOPMENT_TEAM = 7A236WWRA2;
				PRODUCT_NAME = "$(TARGET_NAME)";
			};
			name = Release;
		};
/* End XCBuildConfiguration section */

/* Begin XCConfigurationList section */
		0DEFDE3A1F5D726200B7203A /* Build configuration list for PBXProject "046-Dog" */ = {
			isa = XCConfigurationList;
			buildConfigurations = (
				0DEFDE441F5D726200B7203A /* Debug */,
				0DEFDE451F5D726200B7203A /* Release */,
			);
			defaultConfigurationIsVisible = 0;
			defaultConfigurationName = Release;
		};
		0DEFDE461F5D726200B7203A /* Build configuration list for PBXNativeTarget "046-Dog" */ = {
			isa = XCConfigurationList;
			buildConfigurations = (
				0DEFDE471F5D726200B7203A /* Debug */,
				0DEFDE481F5D726200B7203A /* Release */,
			);
			defaultConfigurationIsVisible = 0;
		};
/* End XCConfigurationList section */
	};
	rootObject = 0DEFDE371F5D726200B7203A /* Project object */;
}
