// !$*UTF8*$!
{
	archiveVersion = 1;
	classes = {
	};
	objectVersion = 46;
	objects = {

/* Begin PBXBuildFile section */
		0D281122206117ED00FB852F /* main.m in Sources */ = {isa = PBXBuildFile; fileRef = 0D281121206117ED00FB852F /* main.m */; };
		0D28112A2061180300FB852F /* Children.m in Sources */ = {isa = PBXBuildFile; fileRef = 0D2811292061180300FB852F /* Children.m */; };
		0D28113020611CEE00FB852F /* Nurse.m in Sources */ = {isa = PBXBuildFile; fileRef = 0D28112F20611CEE00FB852F /* Nurse.m */; };
		0D28113320611DB900FB852F /* Nanny.m in Sources */ = {isa = PBXBuildFile; fileRef = 0D28113220611DB900FB852F /* Nanny.m */; };
/* End PBXBuildFile section */

/* Begin PBXCopyFilesBuildPhase section */
		0D28111C206117ED00FB852F /* CopyFiles */ = {
			isa = PBXCopyFilesBuildPhase;
			buildActionMask = 2147483647;
			dstPath = /usr/share/man/man1/;
			dstSubfolderSpec = 0;
			files = (
			);
			runOnlyForDeploymentPostprocessing = 1;
		};
/* End PBXCopyFilesBuildPhase section */

/* Begin PBXFileReference section */
		0D28111E206117ED00FB852F /* 085 */ = {isa = PBXFileReference; explicitFileType = "compiled.mach-o.executable"; includeInIndex = 0; path = 085; sourceTree = BUILT_PRODUCTS_DIR; };
		0D281121206117ED00FB852F /* main.m */ = {isa = PBXFileReference; lastKnownFileType = sourcecode.c.objc; path = main.m; sourceTree = "<group>"; };
		0D2811282061180300FB852F /* Children.h */ = {isa = PBXFileReference; fileEncoding = 4; lastKnownFileType = sourcecode.c.h; path = Children.h; sourceTree = "<group>"; };
		0D2811292061180300FB852F /* Children.m */ = {isa = PBXFileReference; fileEncoding = 4; lastKnownFileType = sourcecode.c.objc; path = Children.m; sourceTree = "<group>"; };
		0D28112E20611CEE00FB852F /* Nurse.h */ = {isa = PBXFileReference; fileEncoding = 4; lastKnownFileType = sourcecode.c.h; path = Nurse.h; sourceTree = "<group>"; };
		0D28112F20611CEE00FB852F /* Nurse.m */ = {isa = PBXFileReference; fileEncoding = 4; lastKnownFileType = sourcecode.c.objc; path = Nurse.m; sourceTree = "<group>"; };
		0D28113120611DB900FB852F /* Nanny.h */ = {isa = PBXFileReference; fileEncoding = 4; lastKnownFileType = sourcecode.c.h; path = Nanny.h; sourceTree = "<group>"; };
		0D28113220611DB900FB852F /* Nanny.m */ = {isa = PBXFileReference; fileEncoding = 4; lastKnownFileType = sourcecode.c.objc; path = Nanny.m; sourceTree = "<group>"; };
/* End PBXFileReference section */

/* Begin PBXFrameworksBuildPhase section */
		0D28111B206117ED00FB852F /* Frameworks */ = {
			isa = PBXFrameworksBuildPhase;
			buildActionMask = 2147483647;
			files = (
			);
			runOnlyForDeploymentPostprocessing = 0;
		};
/* End PBXFrameworksBuildPhase section */

/* Begin PBXGroup section */
		0D281115206117ED00FB852F = {
			isa = PBXGroup;
			children = (
				0D281120206117ED00FB852F /* 085 */,
				0D28111F206117ED00FB852F /* Products */,
			);
			sourceTree = "<group>";
		};
		0D28111F206117ED00FB852F /* Products */ = {
			isa = PBXGroup;
			children = (
				0D28111E206117ED00FB852F /* 085 */,
			);
			name = Products;
			sourceTree = "<group>";
		};
		0D281120206117ED00FB852F /* 085 */ = {
			isa = PBXGroup;
			children = (
				0D281121206117ED00FB852F /* main.m */,
				0D2811282061180300FB852F /* Children.h */,
				0D2811292061180300FB852F /* Children.m */,
				0D28112E20611CEE00FB852F /* Nurse.h */,
				0D28112F20611CEE00FB852F /* Nurse.m */,
				0D28113120611DB900FB852F /* Nanny.h */,
				0D28113220611DB900FB852F /* Nanny.m */,
			);
			path = 085;
			sourceTree = "<group>";
		};
/* End PBXGroup section */

/* Begin PBXNativeTarget section */
		0D28111D206117ED00FB852F /* 085 */ = {
			isa = PBXNativeTarget;
			buildConfigurationList = 0D281125206117ED00FB852F /* Build configuration list for PBXNativeTarget "085" */;
			buildPhases = (
				0D28111A206117ED00FB852F /* Sources */,
				0D28111B206117ED00FB852F /* Frameworks */,
				0D28111C206117ED00FB852F /* CopyFiles */,
			);
			buildRules = (
			);
			dependencies = (
			);
			name = 085;
			productName = 085;
			productReference = 0D28111E206117ED00FB852F /* 085 */;
			productType = "com.apple.product-type.tool";
		};
/* End PBXNativeTarget section */

/* Begin PBXProject section */
		0D281116206117ED00FB852F /* Project object */ = {
			isa = PBXProject;
			attributes = {
				LastUpgradeCheck = 0820;
				ORGANIZATIONNAME = pingfangx;
				TargetAttributes = {
					0D28111D206117ED00FB852F = {
						CreatedOnToolsVersion = 8.2.1;
						DevelopmentTeam = 7A236WWRA2;
						ProvisioningStyle = Automatic;
					};
				};
			};
			buildConfigurationList = 0D281119206117ED00FB852F /* Build configuration list for PBXProject "085" */;
			compatibilityVersion = "Xcode 3.2";
			developmentRegion = English;
			hasScannedForEncodings = 0;
			knownRegions = (
				en,
			);
			mainGroup = 0D281115206117ED00FB852F;
			productRefGroup = 0D28111F206117ED00FB852F /* Products */;
			projectDirPath = "";
			projectRoot = "";
			targets = (
				0D28111D206117ED00FB852F /* 085 */,
			);
		};
/* End PBXProject section */

/* Begin PBXSourcesBuildPhase section */
		0D28111A206117ED00FB852F /* Sources */ = {
			isa = PBXSourcesBuildPhase;
			buildActionMask = 2147483647;
			files = (
				0D28112A2061180300FB852F /* Children.m in Sources */,
				0D281122206117ED00FB852F /* main.m in Sources */,
				0D28113320611DB900FB852F /* Nanny.m in Sources */,
				0D28113020611CEE00FB852F /* Nurse.m in Sources */,
			);
			runOnlyForDeploymentPostprocessing = 0;
		};
/* End PBXSourcesBuildPhase section */

/* Begin XCBuildConfiguration section */
		0D281123206117ED00FB852F /* Debug */ = {
			isa = XCBuildConfiguration;
			buildSettings = {
				ALWAYS_SEARCH_USER_PATHS = NO;
				CLANG_ANALYZER_NONNULL = YES;
				CLANG_CXX_LANGUAGE_STANDARD = "gnu++0x";
				CLANG_CXX_LIBRARY = "libc++";
				CLANG_ENABLE_MODULES = YES;
				CLANG_ENABLE_OBJC_ARC = YES;
				CLANG_WARN_BOOL_CONVERSION = YES;
				CLANG_WARN_CONSTANT_CONVERSION = YES;
				CLANG_WARN_DIRECT_OBJC_ISA_USAGE = YES_ERROR;
				CLANG_WARN_DOCUMENTATION_COMMENTS = YES;
				CLANG_WARN_EMPTY_BODY = YES;
				CLANG_WARN_ENUM_CONVERSION = YES;
				CLANG_WARN_INFINITE_RECURSION = YES;
				CLANG_WARN_INT_CONVERSION = YES;
				CLANG_WARN_OBJC_ROOT_CLASS = YES_ERROR;
				CLANG_WARN_SUSPICIOUS_MOVE = YES;
				CLANG_WARN_UNREACHABLE_CODE = YES;
				CLANG_WARN__DUPLICATE_METHOD_MATCH = YES;
				CODE_SIGN_IDENTITY = "-";
				COPY_PHASE_STRIP = NO;
				DEBUG_INFORMATION_FORMAT = dwarf;
				ENABLE_STRICT_OBJC_MSGSEND = YES;
				ENABLE_TESTABILITY = YES;
				GCC_C_LANGUAGE_STANDARD = gnu99;
				GCC_DYNAMIC_NO_PIC = NO;
				GCC_NO_COMMON_BLOCKS = YES;
				GCC_OPTIMIZATION_LEVEL = 0;
				GCC_PREPROCESSOR_DEFINITIONS = (
					"DEBUG=1",
					"$(inherited)",
				);
				GCC_WARN_64_TO_32_BIT_CONVERSION = YES;
				GCC_WARN_ABOUT_RETURN_TYPE = YES_ERROR;
				GCC_WARN_UNDECLARED_SELECTOR = YES;
				GCC_WARN_UNINITIALIZED_AUTOS = YES_AGGRESSIVE;
				GCC_WARN_UNUSED_FUNCTION = YES;
				GCC_WARN_UNUSED_VARIABLE = YES;
				MACOSX_DEPLOYMENT_TARGET = 10.12;
				MTL_ENABLE_DEBUG_INFO = YES;
				ONLY_ACTIVE_ARCH = YES;
				SDKROOT = macosx;
			};
			name = Debug;
		};
		0D281124206117ED00FB852F /* Release */ = {
			isa = XCBuildConfiguration;
			buildSettings = {
				ALWAYS_SEARCH_USER_PATHS = NO;
				CLANG_ANALYZER_NONNULL = YES;
				CLANG_CXX_LANGUAGE_STANDARD = "gnu++0x";
				CLANG_CXX_LIBRARY = "libc++";
				CLANG_ENABLE_MODULES = YES;
				CLANG_ENABLE_OBJC_ARC = YES;
				CLANG_WARN_BOOL_CONVERSION = YES;
				CLANG_WARN_CONSTANT_CONVERSION = YES;
				CLANG_WARN_DIRECT_OBJC_ISA_USAGE = YES_ERROR;
				CLANG_WARN_DOCUMENTATION_COMMENTS = YES;
				CLANG_WARN_EMPTY_BODY = YES;
				CLANG_WARN_ENUM_CONVERSION = YES;
				CLANG_WARN_INFINITE_RECURSION = YES;
				CLANG_WARN_INT_CONVERSION = YES;
				CLANG_WARN_OBJC_ROOT_CLASS = YES_ERROR;
				CLANG_WARN_SUSPICIOUS_MOVE = YES;
				CLANG_WARN_UNREACHABLE_CODE = YES;
				CLANG_WARN__DUPLICATE_METHOD_MATCH = YES;
				CODE_SIGN_IDENTITY = "-";
				COPY_PHASE_STRIP = NO;
				DEBUG_INFORMATION_FORMAT = "dwarf-with-dsym";
				ENABLE_NS_ASSERTIONS = NO;
				ENABLE_STRICT_OBJC_MSGSEND = YES;
				GCC_C_LANGUAGE_STANDARD = gnu99;
				GCC_NO_COMMON_BLOCKS = YES;
				GCC_WARN_64_TO_32_BIT_CONVERSION = YES;
				GCC_WARN_ABOUT_RETURN_TYPE = YES_ERROR;
				GCC_WARN_UNDECLARED_SELECTOR = YES;
				GCC_WARN_UNINITIALIZED_AUTOS = YES_AGGRESSIVE;
				GCC_WARN_UNUSED_FUNCTION = YES;
				GCC_WARN_UNUSED_VARIABLE = YES;
				MACOSX_DEPLOYMENT_TARGET = 10.12;
				MTL_ENABLE_DEBUG_INFO = NO;
				SDKROOT = macosx;
			};
			name = Release;
		};
		0D281126206117ED00FB852F /* Debug */ = {
			isa = XCBuildConfiguration;
			buildSettings = {
				DEVELOPMENT_TEAM = 7A236WWRA2;
				PRODUCT_NAME = "$(TARGET_NAME)";
			};
			name = Debug;
		};
		0D281127206117ED00FB852F /* Release */ = {
			isa = XCBuildConfiguration;
			buildSettings = {
				DEVELOPMENT_TEAM = 7A236WWRA2;
				PRODUCT_NAME = "$(TARGET_NAME)";
			};
			name = Release;
		};
/* End XCBuildConfiguration section */

/* Begin XCConfigurationList section */
		0D281119206117ED00FB852F /* Build configuration list for PBXProject "085" */ = {
			isa = XCConfigurationList;
			buildConfigurations = (
				0D281123206117ED00FB852F /* Debug */,
				0D281124206117ED00FB852F /* Release */,
			);
			defaultConfigurationIsVisible = 0;
			defaultConfigurationName = Release;
		};
		0D281125206117ED00FB852F /* Build configuration list for PBXNativeTarget "085" */ = {
			isa = XCConfigurationList;
			buildConfigurations = (
				0D281126206117ED00FB852F /* Debug */,
				0D281127206117ED00FB852F /* Release */,
			);
			defaultConfigurationIsVisible = 0;
		};
/* End XCConfigurationList section */
	};
	rootObject = 0D281116206117ED00FB852F /* Project object */;
}
